{
    "name": "@compodoc/ngd",
    "version": "2.0.0",
    "lockfileVersion": 1,
    "requires": true,
    "dependencies": {
        "@types/node": {
            "version": "14.11.8",
            "resolved": "https://registry.npmjs.org/@types/node/-/node-14.11.8.tgz",
            "integrity": "sha512-KPcKqKm5UKDkaYPTuXSx8wEP7vE9GnuaXIZKijwRYcePpZFDVuy2a57LarFKiORbHOuTOOwYzxVxcUzsh2P2Pw=="
        },
        "typescript": {
            "version": "4.0.3",
            "resolved": "https://registry.npmjs.org/typescript/-/typescript-4.0.3.tgz",
            "integrity": "sha512-tEu6DGxGgRJPb/mVPIZ48e69xCn2yRmCgYmDugAVwmJ6o+0u1RI18eO7E7WBTLYLaEVVOhwQmcdhQHweux/WPg=="
        }
    }
}
